// !$*UTF8*$!
{
	archiveVersion = 1;
	classes = {
	};
	objectVersion = 46;
	objects = {

/* Begin PBXBuildFile section */
		348AF9211A2291D900613CE7 /* DayViewExampleController.m in Sources */ = {isa = PBXBuildFile; fileRef = 348AF9091A2291D900613CE7 /* DayViewExampleController.m */; };
		348AF9221A2291D900613CE7 /* WeekViewExampleController.m in Sources */ = {isa = PBXBuildFile; fileRef = 348AF90B1A2291D900613CE7 /* WeekViewExampleController.m */; };
		348AF9231A2291D900613CE7 /* MAEventKitDataSource.m in Sources */ = {isa = PBXBuildFile; fileRef = 348AF90E1A2291D900613CE7 /* MAEventKitDataSource.m */; };
		348AF9241A2291D900613CE7 /* MADayView.m in Sources */ = {isa = PBXBuildFile; fileRef = 348AF9111A2291D900613CE7 /* MADayView.m */; };
		348AF9251A2291D900613CE7 /* MAEvent.m in Sources */ = {isa = PBXBuildFile; fileRef = 348AF9131A2291D900613CE7 /* MAEvent.m */; };
		348AF9261A2291D900613CE7 /* MAGridView.m in Sources */ = {isa = PBXBuildFile; fileRef = 348AF9151A2291D900613CE7 /* MAGridView.m */; };
		348AF9271A2291D900613CE7 /* MAWeekView.m in Sources */ = {isa = PBXBuildFile; fileRef = 348AF9171A2291D900613CE7 /* MAWeekView.m */; };
		348AF9281A2291D900613CE7 /* TapDetectingView.m in Sources */ = {isa = PBXBuildFile; fileRef = 348AF9191A2291D900613CE7 /* TapDetectingView.m */; };
		348AF9291A2291D900613CE7 /* ma_leftArrow.png in Resources */ = {isa = PBXBuildFile; fileRef = 348AF91B1A2291D900613CE7 /* ma_leftArrow.png */; };
		348AF92A1A2291D900613CE7 /* ma_leftArrow@2x.png in Resources */ = {isa = PBXBuildFile; fileRef = 348AF91C1A2291D900613CE7 /* ma_leftArrow@2x.png */; };
		348AF92B1A2291D900613CE7 /* ma_rightArrow.png in Resources */ = {isa = PBXBuildFile; fileRef = 348AF91D1A2291D900613CE7 /* ma_rightArrow.png */; };
		348AF92C1A2291D900613CE7 /* ma_rightArrow@2x.png in Resources */ = {isa = PBXBuildFile; fileRef = 348AF91E1A2291D900613CE7 /* ma_rightArrow@2x.png */; };
		348AF92D1A2291D900613CE7 /* ma_topBackground.png in Resources */ = {isa = PBXBuildFile; fileRef = 348AF91F1A2291D900613CE7 /* ma_topBackground.png */; };
		876E51421A228AA9008E5213 /* main.m in Sources */ = {isa = PBXBuildFile; fileRef = 876E51411A228AA9008E5213 /* main.m */; };
		876E51451A228AA9008E5213 /* AppDelegate.m in Sources */ = {isa = PBXBuildFile; fileRef = 876E51441A228AA9008E5213 /* AppDelegate.m */; };
		876E51481A228AA9008E5213 /* FirstViewController.m in Sources */ = {isa = PBXBuildFile; fileRef = 876E51471A228AA9008E5213 /* FirstViewController.m */; };
		876E514B1A228AA9008E5213 /* SecondViewController.m in Sources */ = {isa = PBXBuildFile; fileRef = 876E514A1A228AA9008E5213 /* SecondViewController.m */; };
		876E514E1A228AA9008E5213 /* Main.storyboard in Resources */ = {isa = PBXBuildFile; fileRef = 876E514C1A228AA9008E5213 /* Main.storyboard */; };
		876E51501A228AA9008E5213 /* Images.xcassets in Resources */ = {isa = PBXBuildFile; fileRef = 876E514F1A228AA9008E5213 /* Images.xcassets */; };
		876E51531A228AA9008E5213 /* LaunchScreen.xib in Resources */ = {isa = PBXBuildFile; fileRef = 876E51511A228AA9008E5213 /* LaunchScreen.xib */; };
		876E515F1A228AA9008E5213 /* rxtimeTests.m in Sources */ = {isa = PBXBuildFile; fileRef = 876E515E1A228AA9008E5213 /* rxtimeTests.m */; };
		876E516F1A228B51008E5213 /* WatchKit.framework in Frameworks */ = {isa = PBXBuildFile; fileRef = 876E516E1A228B51008E5213 /* WatchKit.framework */; };
		876E51761A228B51008E5213 /* InterfaceController.m in Sources */ = {isa = PBXBuildFile; fileRef = 876E51751A228B51008E5213 /* InterfaceController.m */; };
		876E51791A228B51008E5213 /* NotificationController.m in Sources */ = {isa = PBXBuildFile; fileRef = 876E51781A228B51008E5213 /* NotificationController.m */; };
		876E517C1A228B51008E5213 /* GlanceController.m in Sources */ = {isa = PBXBuildFile; fileRef = 876E517B1A228B51008E5213 /* GlanceController.m */; };
		876E517E1A228B51008E5213 /* Images.xcassets in Resources */ = {isa = PBXBuildFile; fileRef = 876E517D1A228B51008E5213 /* Images.xcassets */; };
		876E51821A228B51008E5213 /* rxtime Watch App.app in Resources */ = {isa = PBXBuildFile; fileRef = 876E51811A228B51008E5213 /* rxtime Watch App.app */; };
		876E51891A228B51008E5213 /* Interface.storyboard in Resources */ = {isa = PBXBuildFile; fileRef = 876E51881A228B51008E5213 /* Interface.storyboard */; };
		876E518B1A228B51008E5213 /* Images.xcassets in Resources */ = {isa = PBXBuildFile; fileRef = 876E518A1A228B51008E5213 /* Images.xcassets */; };
		876E518E1A228B51008E5213 /* rxtime WatchKit Extension.appex in Embed App Extensions */ = {isa = PBXBuildFile; fileRef = 876E516C1A228B51008E5213 /* rxtime WatchKit Extension.appex */; settings = {ATTRIBUTES = (RemoveHeadersOnCopy, ); }; };
/* End PBXBuildFile section */

/* Begin PBXContainerItemProxy section */
		876E51591A228AA9008E5213 /* PBXContainerItemProxy */ = {
			isa = PBXContainerItemProxy;
			containerPortal = 876E51341A228AA9008E5213 /* Project object */;
			proxyType = 1;
			remoteGlobalIDString = 876E513B1A228AA9008E5213;
			remoteInfo = rxtime;
		};
		876E51831A228B51008E5213 /* PBXContainerItemProxy */ = {
			isa = PBXContainerItemProxy;
			containerPortal = 876E51341A228AA9008E5213 /* Project object */;
			proxyType = 1;
			remoteGlobalIDString = 876E51801A228B51008E5213;
			remoteInfo = "rxtime Watch App";
		};
		876E518C1A228B51008E5213 /* PBXContainerItemProxy */ = {
			isa = PBXContainerItemProxy;
			containerPortal = 876E51341A228AA9008E5213 /* Project object */;
			proxyType = 1;
			remoteGlobalIDString = 876E516B1A228B51008E5213;
			remoteInfo = "rxtime WatchKit Extension";
		};
/* End PBXContainerItemProxy section */

/* Begin PBXCopyFilesBuildPhase section */
		876E51951A228B51008E5213 /* Embed App Extensions */ = {
			isa = PBXCopyFilesBuildPhase;
			buildActionMask = 2147483647;
			dstPath = "";
			dstSubfolderSpec = 13;
			files = (
				876E518E1A228B51008E5213 /* rxtime WatchKit Extension.appex in Embed App Extensions */,
			);
			name = "Embed App Extensions";
			runOnlyForDeploymentPostprocessing = 0;
		};
/* End PBXCopyFilesBuildPhase section */

/* Begin PBXFileReference section */
		348AF9081A2291D900613CE7 /* DayViewExampleController.h */ = {isa = PBXFileReference; fileEncoding = 4; lastKnownFileType = sourcecode.c.h; path = DayViewExampleController.h; sourceTree = "<group>"; };
		348AF9091A2291D900613CE7 /* DayViewExampleController.m */ = {isa = PBXFileReference; fileEncoding = 4; lastKnownFileType = sourcecode.c.objc; path = DayViewExampleController.m; sourceTree = "<group>"; };
		348AF90A1A2291D900613CE7 /* WeekViewExampleController.h */ = {isa = PBXFileReference; fileEncoding = 4; lastKnownFileType = sourcecode.c.h; path = WeekViewExampleController.h; sourceTree = "<group>"; };
		348AF90B1A2291D900613CE7 /* WeekViewExampleController.m */ = {isa = PBXFileReference; fileEncoding = 4; lastKnownFileType = sourcecode.c.objc; path = WeekViewExampleController.m; sourceTree = "<group>"; };
		348AF90D1A2291D900613CE7 /* MAEventKitDataSource.h */ = {isa = PBXFileReference; fileEncoding = 4; lastKnownFileType = sourcecode.c.h; path = MAEventKitDataSource.h; sourceTree = "<group>"; };
		348AF90E1A2291D900613CE7 /* MAEventKitDataSource.m */ = {isa = PBXFileReference; fileEncoding = 4; lastKnownFileType = sourcecode.c.objc; path = MAEventKitDataSource.m; sourceTree = "<group>"; };
		348AF9101A2291D900613CE7 /* MADayView.h */ = {isa = PBXFileReference; fileEncoding = 4; lastKnownFileType = sourcecode.c.h; path = MADayView.h; sourceTree = "<group>"; };
		348AF9111A2291D900613CE7 /* MADayView.m */ = {isa = PBXFileReference; fileEncoding = 4; lastKnownFileType = sourcecode.c.objc; path = MADayView.m; sourceTree = "<group>"; };
		348AF9121A2291D900613CE7 /* MAEvent.h */ = {isa = PBXFileReference; fileEncoding = 4; lastKnownFileType = sourcecode.c.h; path = MAEvent.h; sourceTree = "<group>"; };
		348AF9131A2291D900613CE7 /* MAEvent.m */ = {isa = PBXFileReference; fileEncoding = 4; lastKnownFileType = sourcecode.c.objc; path = MAEvent.m; sourceTree = "<group>"; };
		348AF9141A2291D900613CE7 /* MAGridView.h */ = {isa = PBXFileReference; fileEncoding = 4; lastKnownFileType = sourcecode.c.h; path = MAGridView.h; sourceTree = "<group>"; };
		348AF9151A2291D900613CE7 /* MAGridView.m */ = {isa = PBXFileReference; fileEncoding = 4; lastKnownFileType = sourcecode.c.objc; path = MAGridView.m; sourceTree = "<group>"; };
		348AF9161A2291D900613CE7 /* MAWeekView.h */ = {isa = PBXFileReference; fileEncoding = 4; lastKnownFileType = sourcecode.c.h; path = MAWeekView.h; sourceTree = "<group>"; };
		348AF9171A2291D900613CE7 /* MAWeekView.m */ = {isa = PBXFileReference; fileEncoding = 4; lastKnownFileType = sourcecode.c.objc; path = MAWeekView.m; sourceTree = "<group>"; };
		348AF9181A2291D900613CE7 /* TapDetectingView.h */ = {isa = PBXFileReference; fileEncoding = 4; lastKnownFileType = sourcecode.c.h; path = TapDetectingView.h; sourceTree = "<group>"; };
		348AF9191A2291D900613CE7 /* TapDetectingView.m */ = {isa = PBXFileReference; fileEncoding = 4; lastKnownFileType = sourcecode.c.objc; path = TapDetectingView.m; sourceTree = "<group>"; };
		348AF91B1A2291D900613CE7 /* ma_leftArrow.png */ = {isa = PBXFileReference; lastKnownFileType = image.png; path = ma_leftArrow.png; sourceTree = "<group>"; };
		348AF91C1A2291D900613CE7 /* ma_leftArrow@2x.png */ = {isa = PBXFileReference; lastKnownFileType = image.png; path = "ma_leftArrow@2x.png"; sourceTree = "<group>"; };
		348AF91D1A2291D900613CE7 /* ma_rightArrow.png */ = {isa = PBXFileReference; lastKnownFileType = image.png; path = ma_rightArrow.png; sourceTree = "<group>"; };
		348AF91E1A2291D900613CE7 /* ma_rightArrow@2x.png */ = {isa = PBXFileReference; lastKnownFileType = image.png; path = "ma_rightArrow@2x.png"; sourceTree = "<group>"; };
		348AF91F1A2291D900613CE7 /* ma_topBackground.png */ = {isa = PBXFileReference; lastKnownFileType = image.png; path = ma_topBackground.png; sourceTree = "<group>"; };
		876E513C1A228AA9008E5213 /* rxtime.app */ = {isa = PBXFileReference; explicitFileType = wrapper.application; includeInIndex = 0; path = rxtime.app; sourceTree = BUILT_PRODUCTS_DIR; };
		876E51401A228AA9008E5213 /* Info.plist */ = {isa = PBXFileReference; lastKnownFileType = text.plist.xml; path = Info.plist; sourceTree = "<group>"; };
		876E51411A228AA9008E5213 /* main.m */ = {isa = PBXFileReference; lastKnownFileType = sourcecode.c.objc; path = main.m; sourceTree = "<group>"; };
		876E51431A228AA9008E5213 /* AppDelegate.h */ = {isa = PBXFileReference; lastKnownFileType = sourcecode.c.h; path = AppDelegate.h; sourceTree = "<group>"; };
		876E51441A228AA9008E5213 /* AppDelegate.m */ = {isa = PBXFileReference; lastKnownFileType = sourcecode.c.objc; path = AppDelegate.m; sourceTree = "<group>"; };
		876E51461A228AA9008E5213 /* FirstViewController.h */ = {isa = PBXFileReference; lastKnownFileType = sourcecode.c.h; path = FirstViewController.h; sourceTree = "<group>"; };
		876E51471A228AA9008E5213 /* FirstViewController.m */ = {isa = PBXFileReference; lastKnownFileType = sourcecode.c.objc; path = FirstViewController.m; sourceTree = "<group>"; };
		876E51491A228AA9008E5213 /* SecondViewController.h */ = {isa = PBXFileReference; lastKnownFileType = sourcecode.c.h; path = SecondViewController.h; sourceTree = "<group>"; };
		876E514A1A228AA9008E5213 /* SecondViewController.m */ = {isa = PBXFileReference; lastKnownFileType = sourcecode.c.objc; path = SecondViewController.m; sourceTree = "<group>"; };
		876E514D1A228AA9008E5213 /* Base */ = {isa = PBXFileReference; lastKnownFileType = file.storyboard; name = Base; path = Base.lproj/Main.storyboard; sourceTree = "<group>"; };
		876E514F1A228AA9008E5213 /* Images.xcassets */ = {isa = PBXFileReference; lastKnownFileType = folder.assetcatalog; path = Images.xcassets; sourceTree = "<group>"; };
		876E51521A228AA9008E5213 /* Base */ = {isa = PBXFileReference; lastKnownFileType = file.xib; name = Base; path = Base.lproj/LaunchScreen.xib; sourceTree = "<group>"; };
		876E51581A228AA9008E5213 /* rxtimeTests.xctest */ = {isa = PBXFileReference; explicitFileType = wrapper.cfbundle; includeInIndex = 0; path = rxtimeTests.xctest; sourceTree = BUILT_PRODUCTS_DIR; };
		876E515D1A228AA9008E5213 /* Info.plist */ = {isa = PBXFileReference; lastKnownFileType = text.plist.xml; path = Info.plist; sourceTree = "<group>"; };
		876E515E1A228AA9008E5213 /* rxtimeTests.m */ = {isa = PBXFileReference; lastKnownFileType = sourcecode.c.objc; path = rxtimeTests.m; sourceTree = "<group>"; };
		876E516C1A228B51008E5213 /* rxtime WatchKit Extension.appex */ = {isa = PBXFileReference; explicitFileType = "wrapper.app-extension"; includeInIndex = 0; path = "rxtime WatchKit Extension.appex"; sourceTree = BUILT_PRODUCTS_DIR; };
		876E516E1A228B51008E5213 /* WatchKit.framework */ = {isa = PBXFileReference; lastKnownFileType = wrapper.framework; name = WatchKit.framework; path = System/Library/Frameworks/WatchKit.framework; sourceTree = SDKROOT; };
		876E51721A228B51008E5213 /* Info.plist */ = {isa = PBXFileReference; lastKnownFileType = text.plist.xml; path = Info.plist; sourceTree = "<group>"; };
		876E51731A228B51008E5213 /* PushNotificationPayload.json */ = {isa = PBXFileReference; lastKnownFileType = text.json; path = PushNotificationPayload.json; sourceTree = "<group>"; };
		876E51741A228B51008E5213 /* InterfaceController.h */ = {isa = PBXFileReference; lastKnownFileType = sourcecode.c.h; path = InterfaceController.h; sourceTree = "<group>"; };
		876E51751A228B51008E5213 /* InterfaceController.m */ = {isa = PBXFileReference; lastKnownFileType = sourcecode.c.objc; path = InterfaceController.m; sourceTree = "<group>"; };
		876E51771A228B51008E5213 /* NotificationController.h */ = {isa = PBXFileReference; lastKnownFileType = sourcecode.c.h; path = NotificationController.h; sourceTree = "<group>"; };
		876E51781A228B51008E5213 /* NotificationController.m */ = {isa = PBXFileReference; lastKnownFileType = sourcecode.c.objc; path = NotificationController.m; sourceTree = "<group>"; };
		876E517A1A228B51008E5213 /* GlanceController.h */ = {isa = PBXFileReference; lastKnownFileType = sourcecode.c.h; path = GlanceController.h; sourceTree = "<group>"; };
		876E517B1A228B51008E5213 /* GlanceController.m */ = {isa = PBXFileReference; lastKnownFileType = sourcecode.c.objc; path = GlanceController.m; sourceTree = "<group>"; };
		876E517D1A228B51008E5213 /* Images.xcassets */ = {isa = PBXFileReference; lastKnownFileType = folder.assetcatalog; path = Images.xcassets; sourceTree = "<group>"; };
		876E51811A228B51008E5213 /* rxtime Watch App.app */ = {isa = PBXFileReference; explicitFileType = wrapper.application; includeInIndex = 0; path = "rxtime Watch App.app"; sourceTree = BUILT_PRODUCTS_DIR; };
		876E51871A228B51008E5213 /* Info.plist */ = {isa = PBXFileReference; lastKnownFileType = text.plist.xml; path = Info.plist; sourceTree = "<group>"; };
		876E51881A228B51008E5213 /* Interface.storyboard */ = {isa = PBXFileReference; lastKnownFileType = file.storyboard; path = Interface.storyboard; sourceTree = "<group>"; };
		876E518A1A228B51008E5213 /* Images.xcassets */ = {isa = PBXFileReference; lastKnownFileType = folder.assetcatalog; path = Images.xcassets; sourceTree = "<group>"; };
		876E51961A228E4C008E5213 /* rxtime.entitlements */ = {isa = PBXFileReference; lastKnownFileType = text.xml; path = rxtime.entitlements; sourceTree = "<group>"; };
		876E51971A228E69008E5213 /* rxtime WatchKit Extension.entitlements */ = {isa = PBXFileReference; lastKnownFileType = text.xml; path = "rxtime WatchKit Extension.entitlements"; sourceTree = "<group>"; };
/* End PBXFileReference section */

/* Begin PBXFrameworksBuildPhase section */
		876E51391A228AA9008E5213 /* Frameworks */ = {
			isa = PBXFrameworksBuildPhase;
			buildActionMask = 2147483647;
			files = (
			);
			runOnlyForDeploymentPostprocessing = 0;
		};
		876E51551A228AA9008E5213 /* Frameworks */ = {
			isa = PBXFrameworksBuildPhase;
			buildActionMask = 2147483647;
			files = (
			);
			runOnlyForDeploymentPostprocessing = 0;
		};
		876E51691A228B51008E5213 /* Frameworks */ = {
			isa = PBXFrameworksBuildPhase;
			buildActionMask = 2147483647;
			files = (
				876E516F1A228B51008E5213 /* WatchKit.framework in Frameworks */,
			);
			runOnlyForDeploymentPostprocessing = 0;
		};
/* End PBXFrameworksBuildPhase section */

/* Begin PBXGroup section */
		348AF9031A2291D900613CE7 /* Calendar */ = {
			isa = PBXGroup;
			children = (
				348AF9041A2291D900613CE7 /* Classes */,
				348AF91A1A2291D900613CE7 /* Images */,
			);
			path = Calendar;
			sourceTree = "<group>";
		};
		348AF9041A2291D900613CE7 /* Classes */ = {
			isa = PBXGroup;
			children = (
				348AF9051A2291D900613CE7 /* Example */,
				348AF90C1A2291D900613CE7 /* Extensions */,
				348AF90F1A2291D900613CE7 /* Views */,
			);
			path = Classes;
			sourceTree = "<group>";
		};
		348AF9051A2291D900613CE7 /* Example */ = {
			isa = PBXGroup;
			children = (
				348AF9081A2291D900613CE7 /* DayViewExampleController.h */,
				348AF9091A2291D900613CE7 /* DayViewExampleController.m */,
				348AF90A1A2291D900613CE7 /* WeekViewExampleController.h */,
				348AF90B1A2291D900613CE7 /* WeekViewExampleController.m */,
			);
			path = Example;
			sourceTree = "<group>";
		};
		348AF90C1A2291D900613CE7 /* Extensions */ = {
			isa = PBXGroup;
			children = (
				348AF90D1A2291D900613CE7 /* MAEventKitDataSource.h */,
				348AF90E1A2291D900613CE7 /* MAEventKitDataSource.m */,
			);
			path = Extensions;
			sourceTree = "<group>";
		};
		348AF90F1A2291D900613CE7 /* Views */ = {
			isa = PBXGroup;
			children = (
				348AF9101A2291D900613CE7 /* MADayView.h */,
				348AF9111A2291D900613CE7 /* MADayView.m */,
				348AF9121A2291D900613CE7 /* MAEvent.h */,
				348AF9131A2291D900613CE7 /* MAEvent.m */,
				348AF9141A2291D900613CE7 /* MAGridView.h */,
				348AF9151A2291D900613CE7 /* MAGridView.m */,
				348AF9161A2291D900613CE7 /* MAWeekView.h */,
				348AF9171A2291D900613CE7 /* MAWeekView.m */,
				348AF9181A2291D900613CE7 /* TapDetectingView.h */,
				348AF9191A2291D900613CE7 /* TapDetectingView.m */,
			);
			path = Views;
			sourceTree = "<group>";
		};
		348AF91A1A2291D900613CE7 /* Images */ = {
			isa = PBXGroup;
			children = (
				348AF91B1A2291D900613CE7 /* ma_leftArrow.png */,
				348AF91C1A2291D900613CE7 /* ma_leftArrow@2x.png */,
				348AF91D1A2291D900613CE7 /* ma_rightArrow.png */,
				348AF91E1A2291D900613CE7 /* ma_rightArrow@2x.png */,
				348AF91F1A2291D900613CE7 /* ma_topBackground.png */,
			);
			path = Images;
			sourceTree = "<group>";
		};
		876E51331A228AA9008E5213 = {
			isa = PBXGroup;
			children = (
				876E513E1A228AA9008E5213 /* rxtime */,
				876E515B1A228AA9008E5213 /* rxtimeTests */,
				876E51701A228B51008E5213 /* rxtime WatchKit Extension */,
				876E51851A228B51008E5213 /* rxtime Watch App */,
				876E516D1A228B51008E5213 /* Frameworks */,
				876E513D1A228AA9008E5213 /* Products */,
			);
			sourceTree = "<group>";
		};
		876E513D1A228AA9008E5213 /* Products */ = {
			isa = PBXGroup;
			children = (
				876E513C1A228AA9008E5213 /* rxtime.app */,
				876E51581A228AA9008E5213 /* rxtimeTests.xctest */,
				876E516C1A228B51008E5213 /* rxtime WatchKit Extension.appex */,
				876E51811A228B51008E5213 /* rxtime Watch App.app */,
			);
			name = Products;
			sourceTree = "<group>";
		};
		876E513E1A228AA9008E5213 /* rxtime */ = {
			isa = PBXGroup;
			children = (
				348AF9031A2291D900613CE7 /* Calendar */,
				876E51961A228E4C008E5213 /* rxtime.entitlements */,
				876E51431A228AA9008E5213 /* AppDelegate.h */,
				876E51441A228AA9008E5213 /* AppDelegate.m */,
				876E51461A228AA9008E5213 /* FirstViewController.h */,
				876E51471A228AA9008E5213 /* FirstViewController.m */,
				876E51491A228AA9008E5213 /* SecondViewController.h */,
				876E514A1A228AA9008E5213 /* SecondViewController.m */,
				876E514C1A228AA9008E5213 /* Main.storyboard */,
				876E514F1A228AA9008E5213 /* Images.xcassets */,
				876E51511A228AA9008E5213 /* LaunchScreen.xib */,
				876E513F1A228AA9008E5213 /* Supporting Files */,
			);
			path = rxtime;
			sourceTree = "<group>";
		};
		876E513F1A228AA9008E5213 /* Supporting Files */ = {
			isa = PBXGroup;
			children = (
				876E51401A228AA9008E5213 /* Info.plist */,
				876E51411A228AA9008E5213 /* main.m */,
			);
			name = "Supporting Files";
			sourceTree = "<group>";
		};
		876E515B1A228AA9008E5213 /* rxtimeTests */ = {
			isa = PBXGroup;
			children = (
				876E515E1A228AA9008E5213 /* rxtimeTests.m */,
				876E515C1A228AA9008E5213 /* Supporting Files */,
			);
			path = rxtimeTests;
			sourceTree = "<group>";
		};
		876E515C1A228AA9008E5213 /* Supporting Files */ = {
			isa = PBXGroup;
			children = (
				876E515D1A228AA9008E5213 /* Info.plist */,
			);
			name = "Supporting Files";
			sourceTree = "<group>";
		};
		876E516D1A228B51008E5213 /* Frameworks */ = {
			isa = PBXGroup;
			children = (
				876E516E1A228B51008E5213 /* WatchKit.framework */,
			);
			name = Frameworks;
			sourceTree = "<group>";
		};
		876E51701A228B51008E5213 /* rxtime WatchKit Extension */ = {
			isa = PBXGroup;
			children = (
				876E51971A228E69008E5213 /* rxtime WatchKit Extension.entitlements */,
				876E51741A228B51008E5213 /* InterfaceController.h */,
				876E51751A228B51008E5213 /* InterfaceController.m */,
				876E51771A228B51008E5213 /* NotificationController.h */,
				876E51781A228B51008E5213 /* NotificationController.m */,
				876E517A1A228B51008E5213 /* GlanceController.h */,
				876E517B1A228B51008E5213 /* GlanceController.m */,
				876E517D1A228B51008E5213 /* Images.xcassets */,
				876E51711A228B51008E5213 /* Supporting Files */,
			);
			path = "rxtime WatchKit Extension";
			sourceTree = "<group>";
		};
		876E51711A228B51008E5213 /* Supporting Files */ = {
			isa = PBXGroup;
			children = (
				876E51721A228B51008E5213 /* Info.plist */,
				876E51731A228B51008E5213 /* PushNotificationPayload.json */,
			);
			name = "Supporting Files";
			sourceTree = "<group>";
		};
		876E51851A228B51008E5213 /* rxtime Watch App */ = {
			isa = PBXGroup;
			children = (
				876E51881A228B51008E5213 /* Interface.storyboard */,
				876E518A1A228B51008E5213 /* Images.xcassets */,
				876E51861A228B51008E5213 /* Supporting Files */,
			);
			path = "rxtime Watch App";
			sourceTree = "<group>";
		};
		876E51861A228B51008E5213 /* Supporting Files */ = {
			isa = PBXGroup;
			children = (
				876E51871A228B51008E5213 /* Info.plist */,
			);
			name = "Supporting Files";
			sourceTree = "<group>";
		};
/* End PBXGroup section */

/* Begin PBXNativeTarget section */
		876E513B1A228AA9008E5213 /* rxtime */ = {
			isa = PBXNativeTarget;
			buildConfigurationList = 876E51621A228AA9008E5213 /* Build configuration list for PBXNativeTarget "rxtime" */;
			buildPhases = (
				876E51381A228AA9008E5213 /* Sources */,
				876E51391A228AA9008E5213 /* Frameworks */,
				876E513A1A228AA9008E5213 /* Resources */,
				876E51951A228B51008E5213 /* Embed App Extensions */,
			);
			buildRules = (
			);
			dependencies = (
				876E518D1A228B51008E5213 /* PBXTargetDependency */,
			);
			name = rxtime;
			productName = rxtime;
			productReference = 876E513C1A228AA9008E5213 /* rxtime.app */;
			productType = "com.apple.product-type.application";
		};
		876E51571A228AA9008E5213 /* rxtimeTests */ = {
			isa = PBXNativeTarget;
			buildConfigurationList = 876E51651A228AA9008E5213 /* Build configuration list for PBXNativeTarget "rxtimeTests" */;
			buildPhases = (
				876E51541A228AA9008E5213 /* Sources */,
				876E51551A228AA9008E5213 /* Frameworks */,
				876E51561A228AA9008E5213 /* Resources */,
			);
			buildRules = (
			);
			dependencies = (
				876E515A1A228AA9008E5213 /* PBXTargetDependency */,
			);
			name = rxtimeTests;
			productName = rxtimeTests;
			productReference = 876E51581A228AA9008E5213 /* rxtimeTests.xctest */;
			productType = "com.apple.product-type.bundle.unit-test";
		};
		876E516B1A228B51008E5213 /* rxtime WatchKit Extension */ = {
			isa = PBXNativeTarget;
			buildConfigurationList = 876E51921A228B51008E5213 /* Build configuration list for PBXNativeTarget "rxtime WatchKit Extension" */;
			buildPhases = (
				876E51681A228B51008E5213 /* Sources */,
				876E51691A228B51008E5213 /* Frameworks */,
				876E516A1A228B51008E5213 /* Resources */,
			);
			buildRules = (
			);
			dependencies = (
				876E51841A228B51008E5213 /* PBXTargetDependency */,
			);
			name = "rxtime WatchKit Extension";
			productName = "rxtime WatchKit Extension";
			productReference = 876E516C1A228B51008E5213 /* rxtime WatchKit Extension.appex */;
			productType = "com.apple.product-type.watchkit-extension";
		};
		876E51801A228B51008E5213 /* rxtime Watch App */ = {
			isa = PBXNativeTarget;
			buildConfigurationList = 876E518F1A228B51008E5213 /* Build configuration list for PBXNativeTarget "rxtime Watch App" */;
			buildPhases = (
				876E517F1A228B51008E5213 /* Resources */,
			);
			buildRules = (
			);
			dependencies = (
			);
			name = "rxtime Watch App";
			productName = "rxtime Watch App";
			productReference = 876E51811A228B51008E5213 /* rxtime Watch App.app */;
			productType = "com.apple.product-type.application.watchapp";
		};
/* End PBXNativeTarget section */

/* Begin PBXProject section */
		876E51341A228AA9008E5213 /* Project object */ = {
			isa = PBXProject;
			attributes = {
				LastUpgradeCheck = 0620;
				ORGANIZATIONNAME = Zedenem;
				TargetAttributes = {
					876E513B1A228AA9008E5213 = {
						CreatedOnToolsVersion = 6.2;
						DevelopmentTeam = 686FACQA3X;
						SystemCapabilities = {
							com.apple.ApplicationGroups.iOS = {
								enabled = 1;
							};
						};
					};
					876E51571A228AA9008E5213 = {
						CreatedOnToolsVersion = 6.2;
						TestTargetID = 876E513B1A228AA9008E5213;
					};
					876E516B1A228B51008E5213 = {
						CreatedOnToolsVersion = 6.2;
						DevelopmentTeam = 7M64MPPM2T;
						SystemCapabilities = {
							com.apple.ApplicationGroups.iOS = {
								enabled = 1;
							};
						};
					};
					876E51801A228B51008E5213 = {
						CreatedOnToolsVersion = 6.2;
					};
				};
			};
			buildConfigurationList = 876E51371A228AA9008E5213 /* Build configuration list for PBXProject "rxtime" */;
			compatibilityVersion = "Xcode 3.2";
			developmentRegion = English;
			hasScannedForEncodings = 0;
			knownRegions = (
				en,
				Base,
			);
			mainGroup = 876E51331A228AA9008E5213;
			productRefGroup = 876E513D1A228AA9008E5213 /* Products */;
			projectDirPath = "";
			projectRoot = "";
			targets = (
				876E513B1A228AA9008E5213 /* rxtime */,
				876E51571A228AA9008E5213 /* rxtimeTests */,
				876E516B1A228B51008E5213 /* rxtime WatchKit Extension */,
				876E51801A228B51008E5213 /* rxtime Watch App */,
			);
		};
/* End PBXProject section */

/* Begin PBXResourcesBuildPhase section */
		876E513A1A228AA9008E5213 /* Resources */ = {
			isa = PBXResourcesBuildPhase;
			buildActionMask = 2147483647;
			files = (
				348AF92B1A2291D900613CE7 /* ma_rightArrow.png in Resources */,
				876E514E1A228AA9008E5213 /* Main.storyboard in Resources */,
				876E51531A228AA9008E5213 /* LaunchScreen.xib in Resources */,
				348AF9291A2291D900613CE7 /* ma_leftArrow.png in Resources */,
				348AF92A1A2291D900613CE7 /* ma_leftArrow@2x.png in Resources */,
				348AF92C1A2291D900613CE7 /* ma_rightArrow@2x.png in Resources */,
				876E51501A228AA9008E5213 /* Images.xcassets in Resources */,
				348AF92D1A2291D900613CE7 /* ma_topBackground.png in Resources */,
			);
			runOnlyForDeploymentPostprocessing = 0;
		};
		876E51561A228AA9008E5213 /* Resources */ = {
			isa = PBXResourcesBuildPhase;
			buildActionMask = 2147483647;
			files = (
			);
			runOnlyForDeploymentPostprocessing = 0;
		};
		876E516A1A228B51008E5213 /* Resources */ = {
			isa = PBXResourcesBuildPhase;
			buildActionMask = 2147483647;
			files = (
				876E51821A228B51008E5213 /* rxtime Watch App.app in Resources */,
				876E517E1A228B51008E5213 /* Images.xcassets in Resources */,
			);
			runOnlyForDeploymentPostprocessing = 0;
		};
		876E517F1A228B51008E5213 /* Resources */ = {
			isa = PBXResourcesBuildPhase;
			buildActionMask = 2147483647;
			files = (
				876E51891A228B51008E5213 /* Interface.storyboard in Resources */,
				876E518B1A228B51008E5213 /* Images.xcassets in Resources */,
			);
			runOnlyForDeploymentPostprocessing = 0;
		};
/* End PBXResourcesBuildPhase section */

/* Begin PBXSourcesBuildPhase section */
		876E51381A228AA9008E5213 /* Sources */ = {
			isa = PBXSourcesBuildPhase;
			buildActionMask = 2147483647;
			files = (
				876E514B1A228AA9008E5213 /* SecondViewController.m in Sources */,
				348AF9221A2291D900613CE7 /* WeekViewExampleController.m in Sources */,
				348AF9241A2291D900613CE7 /* MADayView.m in Sources */,
				348AF9261A2291D900613CE7 /* MAGridView.m in Sources */,
				348AF9271A2291D900613CE7 /* MAWeekView.m in Sources */,
				876E51451A228AA9008E5213 /* AppDelegate.m in Sources */,
				348AF9211A2291D900613CE7 /* DayViewExampleController.m in Sources */,
				348AF9231A2291D900613CE7 /* MAEventKitDataSource.m in Sources */,
				348AF9281A2291D900613CE7 /* TapDetectingView.m in Sources */,
				876E51481A228AA9008E5213 /* FirstViewController.m in Sources */,
				348AF9251A2291D900613CE7 /* MAEvent.m in Sources */,
				876E51421A228AA9008E5213 /* main.m in Sources */,
			);
			runOnlyForDeploymentPostprocessing = 0;
		};
		876E51541A228AA9008E5213 /* Sources */ = {
			isa = PBXSourcesBuildPhase;
			buildActionMask = 2147483647;
			files = (
				876E515F1A228AA9008E5213 /* rxtimeTests.m in Sources */,
			);
			runOnlyForDeploymentPostprocessing = 0;
		};
		876E51681A228B51008E5213 /* Sources */ = {
			isa = PBXSourcesBuildPhase;
			buildActionMask = 2147483647;
			files = (
				876E51791A228B51008E5213 /* NotificationController.m in Sources */,
				876E51761A228B51008E5213 /* InterfaceController.m in Sources */,
				876E517C1A228B51008E5213 /* GlanceController.m in Sources */,
			);
			runOnlyForDeploymentPostprocessing = 0;
		};
/* End PBXSourcesBuildPhase section */

/* Begin PBXTargetDependency section */
		876E515A1A228AA9008E5213 /* PBXTargetDependency */ = {
			isa = PBXTargetDependency;
			target = 876E513B1A228AA9008E5213 /* rxtime */;
			targetProxy = 876E51591A228AA9008E5213 /* PBXContainerItemProxy */;
		};
		876E51841A228B51008E5213 /* PBXTargetDependency */ = {
			isa = PBXTargetDependency;
			target = 876E51801A228B51008E5213 /* rxtime Watch App */;
			targetProxy = 876E51831A228B51008E5213 /* PBXContainerItemProxy */;
		};
		876E518D1A228B51008E5213 /* PBXTargetDependency */ = {
			isa = PBXTargetDependency;
			target = 876E516B1A228B51008E5213 /* rxtime WatchKit Extension */;
			targetProxy = 876E518C1A228B51008E5213 /* PBXContainerItemProxy */;
		};
/* End PBXTargetDependency section */

/* Begin PBXVariantGroup section */
		876E514C1A228AA9008E5213 /* Main.storyboard */ = {
			isa = PBXVariantGroup;
			children = (
				876E514D1A228AA9008E5213 /* Base */,
			);
			name = Main.storyboard;
			sourceTree = "<group>";
		};
		876E51511A228AA9008E5213 /* LaunchScreen.xib */ = {
			isa = PBXVariantGroup;
			children = (
				876E51521A228AA9008E5213 /* Base */,
			);
			name = LaunchScreen.xib;
			sourceTree = "<group>";
		};
/* End PBXVariantGroup section */

/* Begin XCBuildConfiguration section */
		876E51601A228AA9008E5213 /* Debug */ = {
			isa = XCBuildConfiguration;
			buildSettings = {
				ALWAYS_SEARCH_USER_PATHS = NO;
				CLANG_CXX_LANGUAGE_STANDARD = "gnu++0x";
				CLANG_CXX_LIBRARY = "libc++";
				CLANG_ENABLE_MODULES = YES;
				CLANG_ENABLE_OBJC_ARC = YES;
				CLANG_WARN_BOOL_CONVERSION = YES;
				CLANG_WARN_CONSTANT_CONVERSION = YES;
				CLANG_WARN_DIRECT_OBJC_ISA_USAGE = YES_ERROR;
				CLANG_WARN_EMPTY_BODY = YES;
				CLANG_WARN_ENUM_CONVERSION = YES;
				CLANG_WARN_INT_CONVERSION = YES;
				CLANG_WARN_OBJC_ROOT_CLASS = YES_ERROR;
				CLANG_WARN_UNREACHABLE_CODE = YES;
				CLANG_WARN__DUPLICATE_METHOD_MATCH = YES;
				"CODE_SIGN_IDENTITY[sdk=iphoneos*]" = "iPhone Developer";
				COPY_PHASE_STRIP = NO;
				ENABLE_STRICT_OBJC_MSGSEND = YES;
				GCC_C_LANGUAGE_STANDARD = gnu99;
				GCC_DYNAMIC_NO_PIC = NO;
				GCC_OPTIMIZATION_LEVEL = 0;
				GCC_PREPROCESSOR_DEFINITIONS = (
					"DEBUG=1",
					"$(inherited)",
				);
				GCC_SYMBOLS_PRIVATE_EXTERN = NO;
				GCC_WARN_64_TO_32_BIT_CONVERSION = YES;
				GCC_WARN_ABOUT_RETURN_TYPE = YES_ERROR;
				GCC_WARN_UNDECLARED_SELECTOR = YES;
				GCC_WARN_UNINITIALIZED_AUTOS = YES_AGGRESSIVE;
				GCC_WARN_UNUSED_FUNCTION = YES;
				GCC_WARN_UNUSED_VARIABLE = YES;
				IPHONEOS_DEPLOYMENT_TARGET = 8.2;
				MTL_ENABLE_DEBUG_INFO = YES;
				ONLY_ACTIVE_ARCH = YES;
				SDKROOT = iphoneos;
			};
			name = Debug;
		};
		876E51611A228AA9008E5213 /* Release */ = {
			isa = XCBuildConfiguration;
			buildSettings = {
				ALWAYS_SEARCH_USER_PATHS = NO;
				CLANG_CXX_LANGUAGE_STANDARD = "gnu++0x";
				CLANG_CXX_LIBRARY = "libc++";
				CLANG_ENABLE_MODULES = YES;
				CLANG_ENABLE_OBJC_ARC = YES;
				CLANG_WARN_BOOL_CONVERSION = YES;
				CLANG_WARN_CONSTANT_CONVERSION = YES;
				CLANG_WARN_DIRECT_OBJC_ISA_USAGE = YES_ERROR;
				CLANG_WARN_EMPTY_BODY = YES;
				CLANG_WARN_ENUM_CONVERSION = YES;
				CLANG_WARN_INT_CONVERSION = YES;
				CLANG_WARN_OBJC_ROOT_CLASS = YES_ERROR;
				CLANG_WARN_UNREACHABLE_CODE = YES;
				CLANG_WARN__DUPLICATE_METHOD_MATCH = YES;
				"CODE_SIGN_IDENTITY[sdk=iphoneos*]" = "iPhone Developer";
				COPY_PHASE_STRIP = YES;
				ENABLE_NS_ASSERTIONS = NO;
				ENABLE_STRICT_OBJC_MSGSEND = YES;
				GCC_C_LANGUAGE_STANDARD = gnu99;
				GCC_WARN_64_TO_32_BIT_CONVERSION = YES;
				GCC_WARN_ABOUT_RETURN_TYPE = YES_ERROR;
				GCC_WARN_UNDECLARED_SELECTOR = YES;
				GCC_WARN_UNINITIALIZED_AUTOS = YES_AGGRESSIVE;
				GCC_WARN_UNUSED_FUNCTION = YES;
				GCC_WARN_UNUSED_VARIABLE = YES;
				IPHONEOS_DEPLOYMENT_TARGET = 8.2;
				MTL_ENABLE_DEBUG_INFO = NO;
				SDKROOT = iphoneos;
				VALIDATE_PRODUCT = YES;
			};
			name = Release;
		};
		876E51631A228AA9008E5213 /* Debug */ = {
			isa = XCBuildConfiguration;
			buildSettings = {
				ASSETCATALOG_COMPILER_APPICON_NAME = AppIcon;
				CODE_SIGN_ENTITLEMENTS = rxtime/rxtime.entitlements;
				CODE_SIGN_IDENTITY = "iPhone Developer";
				"CODE_SIGN_IDENTITY[sdk=iphoneos*]" = "iPhone Developer";
				INFOPLIST_FILE = rxtime/Info.plist;
				LD_RUNPATH_SEARCH_PATHS = "$(inherited) @executable_path/Frameworks";
				PRODUCT_NAME = "$(TARGET_NAME)";
				PROVISIONING_PROFILE = "";
			};
			name = Debug;
		};
		876E51641A228AA9008E5213 /* Release */ = {
			isa = XCBuildConfiguration;
			buildSettings = {
				ASSETCATALOG_COMPILER_APPICON_NAME = AppIcon;
				CODE_SIGN_ENTITLEMENTS = rxtime/rxtime.entitlements;
				CODE_SIGN_IDENTITY = "iPhone Developer";
				"CODE_SIGN_IDENTITY[sdk=iphoneos*]" = "iPhone Developer";
				INFOPLIST_FILE = rxtime/Info.plist;
				LD_RUNPATH_SEARCH_PATHS = "$(inherited) @executable_path/Frameworks";
				PRODUCT_NAME = "$(TARGET_NAME)";
				PROVISIONING_PROFILE = "";
			};
			name = Release;
		};
		876E51661A228AA9008E5213 /* Debug */ = {
			isa = XCBuildConfiguration;
			buildSettings = {
				BUNDLE_LOADER = "$(TEST_HOST)";
				FRAMEWORK_SEARCH_PATHS = (
					"$(SDKROOT)/Developer/Library/Frameworks",
					"$(inherited)",
				);
				GCC_PREPROCESSOR_DEFINITIONS = (
					"DEBUG=1",
					"$(inherited)",
				);
				INFOPLIST_FILE = rxtimeTests/Info.plist;
				LD_RUNPATH_SEARCH_PATHS = "$(inherited) @executable_path/Frameworks @loader_path/Frameworks";
				PRODUCT_NAME = "$(TARGET_NAME)";
				TEST_HOST = "$(BUILT_PRODUCTS_DIR)/rxtime.app/rxtime";
			};
			name = Debug;
		};
		876E51671A228AA9008E5213 /* Release */ = {
			isa = XCBuildConfiguration;
			buildSettings = {
				BUNDLE_LOADER = "$(TEST_HOST)";
				FRAMEWORK_SEARCH_PATHS = (
					"$(SDKROOT)/Developer/Library/Frameworks",
					"$(inherited)",
				);
				INFOPLIST_FILE = rxtimeTests/Info.plist;
				LD_RUNPATH_SEARCH_PATHS = "$(inherited) @executable_path/Frameworks @loader_path/Frameworks";
				PRODUCT_NAME = "$(TARGET_NAME)";
				TEST_HOST = "$(BUILT_PRODUCTS_DIR)/rxtime.app/rxtime";
			};
			name = Release;
		};
		876E51901A228B51008E5213 /* Debug */ = {
			isa = XCBuildConfiguration;
			buildSettings = {
				ASSETCATALOG_COMPILER_APPICON_NAME = AppIcon;
				ASSETCATALOG_COMPILER_LAUNCHIMAGE_NAME = LaunchImage;
				GCC_PREPROCESSOR_DEFINITIONS = (
					"DEBUG=1",
					"$(inherited)",
				);
				IBSC_MODULE = rxtime_WatchKit_Extension;
				INFOPLIST_FILE = "rxtime Watch App/Info.plist";
				PRODUCT_NAME = "$(TARGET_NAME)";
				SKIP_INSTALL = YES;
				TARGETED_DEVICE_FAMILY = 4;
				"TARGETED_DEVICE_FAMILY[sdk=iphonesimulator*]" = "1,4";
			};
			name = Debug;
		};
		876E51911A228B51008E5213 /* Release */ = {
			isa = XCBuildConfiguration;
			buildSettings = {
				ASSETCATALOG_COMPILER_APPICON_NAME = AppIcon;
				ASSETCATALOG_COMPILER_LAUNCHIMAGE_NAME = LaunchImage;
				IBSC_MODULE = rxtime_WatchKit_Extension;
				INFOPLIST_FILE = "rxtime Watch App/Info.plist";
				PRODUCT_NAME = "$(TARGET_NAME)";
				SKIP_INSTALL = YES;
				TARGETED_DEVICE_FAMILY = 4;
				"TARGETED_DEVICE_FAMILY[sdk=iphonesimulator*]" = "1,4";
			};
			name = Release;
		};
		876E51931A228B51008E5213 /* Debug */ = {
			isa = XCBuildConfiguration;
			buildSettings = {
				CODE_SIGN_ENTITLEMENTS = "rxtime WatchKit Extension/rxtime WatchKit Extension.entitlements";
				CODE_SIGN_IDENTITY = "iPhone Developer";
				"CODE_SIGN_IDENTITY[sdk=iphoneos*]" = "iPhone Developer";
				GCC_PREPROCESSOR_DEFINITIONS = (
					"DEBUG=1",
					"$(inherited)",
				);
				INFOPLIST_FILE = "rxtime WatchKit Extension/Info.plist";
				LD_RUNPATH_SEARCH_PATHS = "$(inherited) @executable_path/Frameworks @executable_path/../../Frameworks";
				PRODUCT_NAME = "${TARGET_NAME}";
				PROVISIONING_PROFILE = "";
				SKIP_INSTALL = YES;
			};
			name = Debug;
		};
		876E51941A228B51008E5213 /* Release */ = {
			isa = XCBuildConfiguration;
			buildSettings = {
				CODE_SIGN_ENTITLEMENTS = "rxtime WatchKit Extension/rxtime WatchKit Extension.entitlements";
				CODE_SIGN_IDENTITY = "iPhone Developer";
				"CODE_SIGN_IDENTITY[sdk=iphoneos*]" = "iPhone Developer";
				INFOPLIST_FILE = "rxtime WatchKit Extension/Info.plist";
				LD_RUNPATH_SEARCH_PATHS = "$(inherited) @executable_path/Frameworks @executable_path/../../Frameworks";
				PRODUCT_NAME = "${TARGET_NAME}";
				PROVISIONING_PROFILE = "";
				SKIP_INSTALL = YES;
			};
			name = Release;
		};
/* End XCBuildConfiguration section */

/* Begin XCConfigurationList section */
		876E51371A228AA9008E5213 /* Build configuration list for PBXProject "rxtime" */ = {
			isa = XCConfigurationList;
			buildConfigurations = (
				876E51601A228AA9008E5213 /* Debug */,
				876E51611A228AA9008E5213 /* Release */,
			);
			defaultConfigurationIsVisible = 0;
			defaultConfigurationName = Release;
		};
		876E51621A228AA9008E5213 /* Build configuration list for PBXNativeTarget "rxtime" */ = {
			isa = XCConfigurationList;
			buildConfigurations = (
				876E51631A228AA9008E5213 /* Debug */,
				876E51641A228AA9008E5213 /* Release */,
			);
			defaultConfigurationIsVisible = 0;
			defaultConfigurationName = Release;
		};
		876E51651A228AA9008E5213 /* Build configuration list for PBXNativeTarget "rxtimeTests" */ = {
			isa = XCConfigurationList;
			buildConfigurations = (
				876E51661A228AA9008E5213 /* Debug */,
				876E51671A228AA9008E5213 /* Release */,
			);
			defaultConfigurationIsVisible = 0;
			defaultConfigurationName = Release;
		};
		876E518F1A228B51008E5213 /* Build configuration list for PBXNativeTarget "rxtime Watch App" */ = {
			isa = XCConfigurationList;
			buildConfigurations = (
				876E51901A228B51008E5213 /* Debug */,
				876E51911A228B51008E5213 /* Release */,
			);
			defaultConfigurationIsVisible = 0;
			defaultConfigurationName = Release;
		};
		876E51921A228B51008E5213 /* Build configuration list for PBXNativeTarget "rxtime WatchKit Extension" */ = {
			isa = XCConfigurationList;
			buildConfigurations = (
				876E51931A228B51008E5213 /* Debug */,
				876E51941A228B51008E5213 /* Release */,
			);
			defaultConfigurationIsVisible = 0;
			defaultConfigurationName = Release;
		};
/* End XCConfigurationList section */
	};
	rootObject = 876E51341A228AA9008E5213 /* Project object */;
}
